
Microsoft Visual Studio Solution File, Format Version 12.00
# Visual Studio 11
Project("{8BC9CEB8-8B4A-11D0-8D11-00A0C91BC942}") = "Paint", "Paint.vcxproj", "{6BE44D5A-033A-8CD3-BBC3-D32E665A436C}"
EndProject
Global
	GlobalSection(SolutionConfigurationPlatforms) = preSolution
		Debug|Win32 = Debug|Win32
		Release|Win32 = Release|Win32
	EndGlobalSection
	GlobalSection(ProjectConfigurationPlatforms) = postSolution
		{6BE44D5A-033A-8CD3-BBC3-D32E665A436C}.Debug|Win32.ActiveCfg = Debug|Win32
		{6BE44D5A-033A-8CD3-BBC3-D32E665A436C}.Debug|Win32.Build.0 = Debug|Win32
		{6BE44D5A-033A-8CD3-BBC3-D32E665A436C}.Release|Win32.ActiveCfg = Release|Win32
		{6BE44D5A-033A-8CD3-BBC3-D32E665A436C}.Release|Win32.Build.0 = Release|Win32
	EndGlobalSection
	GlobalSection(SolutionProperties) = preSolution
		HideSolutionNode = FALSE
	EndGlobalSection
EndGlobal
